Microsoft Visual Studio Solution File, Format Version 12.00
# Visual Studio Version 17
VisualStudioVersion = 17.5.2.0
MinimumVisualStudioVersion = 10.0.40219.1
Project("{FAE04EC0-301F-11D3-BF4B-00C04F79EFBC}") = "FastWorkshops", "FastWorkshops\FastWorkshops.csproj", "{DBA9923C-F80D-CDEA-C662-33F6F84D7E74}"
EndProject
Global
	GlobalSection(SolutionConfigurationPlatforms) = preSolution
		Debug|Any CPU = Debug|Any CPU
		Release|Any CPU = Release|Any CPU
	EndGlobalSection
	GlobalSection(ProjectConfigurationPlatforms) = postSolution
		{DBA9923C-F80D-CDEA-C662-33F6F84D7E74}.Debug|Any CPU.ActiveCfg = Debug|Any CPU
		{DBA9923C-F80D-CDEA-C662-33F6F84D7E74}.Debug|Any CPU.Build.0 = Debug|Any CPU
		{DBA9923C-F80D-CDEA-C662-33F6F84D7E74}.Release|Any CPU.ActiveCfg = Release|Any CPU
		{DBA9923C-F80D-CDEA-C662-33F6F84D7E74}.Release|Any CPU.Build.0 = Release|Any CPU
	EndGlobalSection
	GlobalSection(SolutionProperties) = preSolution
		HideSolutionNode = FALSE
	EndGlobalSection
	GlobalSection(ExtensibilityGlobals) = postSolution
		SolutionGuid = {5B805A81-089C-4C2F-9231-8F1D874EF90C}
	EndGlobalSection
EndGlobal
